
Microsoft Visual Studio Solution File, Format Version 12.00
# Visual Studio Version 17
VisualStudioVersion = 17.8.34330.188
MinimumVisualStudioVersion = 10.0.40219.1
Project("{2150E333-8FDC-42A3-9474-1A3956D46DE8}") = "Category", "Category", "{120589BD-5430-45C2-83D5-926A78438028}"
EndProject
Project("{2150E333-8FDC-42A3-9474-1A3956D46DE8}") = "Level", "Level", "{E4D43DCB-87E7-41F4-92B9-4F60F1A74B78}"
EndProject
Project("{2150E333-8FDC-42A3-9474-1A3956D46DE8}") = "Fibonacci", "Fibonacci", "{9A91BAEA-4DE6-456B-AF75-522D8BEA588E}"
EndProject
Project("{2150E333-8FDC-42A3-9474-1A3956D46DE8}") = "LCMnGCD", "LCMnGCD", "{8E6129FE-06AD-4CBA-8E1F-E5B75D82C02E}"
EndProject
Project("{8BC9CEB8-8B4A-11D0-8D11-00A0C91BC942}") = "2747-Fibonacci1", "Category\Fibonacci\2747-Fibonacci1\2747-Fibonacci1.vcxproj", "{4A768476-0736-4669-A8C1-3CC3FAC22CF9}"
EndProject
Project("{8BC9CEB8-8B4A-11D0-8D11-00A0C91BC942}") = "1934-LCM", "Category\LCMnGCD\1934-LCM\1934-LCM.vcxproj", "{CBB45CD5-CC4D-4DD8-8275-B225C286C6DE}"
EndProject
Project("{8BC9CEB8-8B4A-11D0-8D11-00A0C91BC942}") = "2485-Avenue", "Category\LCMnGCD\2485-Avenue\2485-Avenue.vcxproj", "{5BC7AD26-BF67-4531-AF90-969D097F5B70}"
EndProject
Project("{8BC9CEB8-8B4A-11D0-8D11-00A0C91BC942}") = "5347-LCM", "Category\LCMnGCD\5347-LCM\5347-LCM.vcxproj", "{5BDB3ED4-9328-4F6F-9D44-DF84AD549A70}"
EndProject
Project("{8BC9CEB8-8B4A-11D0-8D11-00A0C91BC942}") = "9417-MaximumGCD", "Category\LCMnGCD\9417-MaximumGCD\9417-MaximumGCD.vcxproj", "{60DB97BF-385B-4B79-B6FB-768C28F126B8}"
EndProject
Project("{8BC9CEB8-8B4A-11D0-8D11-00A0C91BC942}") = "13241-LCM", "Category\LCMnGCD\13241-LCM\13241-LCM.vcxproj", "{BB16874C-70F8-4204-A97C-CDD1AA63A7A7}"
EndProject
Project("{8BC9CEB8-8B4A-11D0-8D11-00A0C91BC942}") = "14490-HundToTen", "Category\LCMnGCD\14490-HundToTen\14490-HundToTen.vcxproj", "{3D148842-725D-4F26-AEE8-8A3E797EDDF1}"
EndProject
Project("{2150E333-8FDC-42A3-9474-1A3956D46DE8}") = "1", "1", "{A0D43789-6D3D-4E0E-8991-A05FE95958BC}"
EndProject
Project("{2150E333-8FDC-42A3-9474-1A3956D46DE8}") = "2", "2", "{655139FC-4E0E-4AA6-B847-3635B6E7E31F}"
EndProject
Project("{2150E333-8FDC-42A3-9474-1A3956D46DE8}") = "3", "3", "{2709BF27-986E-45E3-A002-01C7C9433543}"
EndProject
Project("{2150E333-8FDC-42A3-9474-1A3956D46DE8}") = "4", "4", "{2CE56D5B-A8A8-4D27-A7FE-95DC5323CD8E}"
EndProject
Project("{2150E333-8FDC-42A3-9474-1A3956D46DE8}") = "5", "5", "{8D15AF68-7BD8-4622-ADC2-F6E8E110061F}"
EndProject
Project("{2150E333-8FDC-42A3-9474-1A3956D46DE8}") = "6", "6", "{94C02AD0-2870-43AB-B834-24A8BB8BC1CA}"
EndProject
Project("{2150E333-8FDC-42A3-9474-1A3956D46DE8}") = "7", "7", "{2E61BF04-9E44-4CA5-AD7B-CA36A0CD9A07}"
EndProject
Project("{2150E333-8FDC-42A3-9474-1A3956D46DE8}") = "10", "10", "{8092818C-3D95-4578-97F0-EF5A19A7A465}"
EndProject
Project("{8BC9CEB8-8B4A-11D0-8D11-00A0C91BC942}") = "2588-Multiply", "Level\1\2588-Multiply\2588-Multiply.vcxproj", "{BFCF74FF-2A9B-4FD5-BD4F-7BD2480CF3F8}"
EndProject
Project("{8BC9CEB8-8B4A-11D0-8D11-00A0C91BC942}") = "3003-Chess", "Level\1\3003-Chess\3003-Chess.vcxproj", "{AFF7FF0F-32D9-447C-BF85-EE8EA9A1057F}"
EndProject
Project("{8BC9CEB8-8B4A-11D0-8D11-00A0C91BC942}") = "10171-Cat", "Level\1\10171-Cat\10171-Cat.vcxproj", "{44ACE7A2-AE53-4C87-A9E0-42D0CAEFCFFE}"
EndProject
Project("{8BC9CEB8-8B4A-11D0-8D11-00A0C91BC942}") = "10926-_!", "Level\1\10926-_!\10926-_!.vcxproj", "{ACEEDB26-10D4-4606-8BA1-99470C176A96}"
EndProject
Project("{8BC9CEB8-8B4A-11D0-8D11-00A0C91BC942}") = "18108-ThailandYear", "Level\1\18108-ThailandYear\18108-ThailandYear.vcxproj", "{BB001255-CA19-4B5E-AB5C-D410D3980B62}"
EndProject
Project("{8BC9CEB8-8B4A-11D0-8D11-00A0C91BC942}") = "25083-Sprout", "Level\1\25083-Sprout\25083-Sprout.vcxproj", "{82CCBAE9-5146-4FD9-8D1C-4B90D60CA033}"
EndProject
Project("{8BC9CEB8-8B4A-11D0-8D11-00A0C91BC942}") = "1130-Compare", "Level\2\1130-Compare\1130-Compare.vcxproj", "{543E9316-6991-4CDC-8F7E-E0780408749E}"
EndProject
Project("{8BC9CEB8-8B4A-11D0-8D11-00A0C91BC942}") = "2480-ThreeDice", "Level\2\2480-ThreeDice\2480-ThreeDice.vcxproj", "{CF4726ED-78D4-45A4-80E6-7E25BDC48A26}"
EndProject
Project("{8BC9CEB8-8B4A-11D0-8D11-00A0C91BC942}") = "2753-LunarYear", "Level\2\2753-LunarYear\2753-LunarYear.vcxproj", "{A2CEE38A-5BBF-4F2B-A529-5AB90245FCCC}"
EndProject
Project("{8BC9CEB8-8B4A-11D0-8D11-00A0C91BC942}") = "14681-Quadrant", "Level\2\14681-Quadrant\14681-Quadrant.vcxproj", "{45F7474D-2CFD-45A3-8D43-58205BA088CF}"
EndProject
Project("{8BC9CEB8-8B4A-11D0-8D11-00A0C91BC942}") = "25304-Receipt", "Level\2\25304-Receipt\25304-Receipt.vcxproj", "{9D0C8E94-A25B-4153-9B81-21EC5C55F3D7}"
EndProject
Project("{8BC9CEB8-8B4A-11D0-8D11-00A0C91BC942}") = "5597-Submission", "Level\3\5597-Submission\5597-Submission.vcxproj", "{1C3CC9C6-46A8-414A-8101-7593EE779964}"
EndProject
Project("{8BC9CEB8-8B4A-11D0-8D11-00A0C91BC942}") = "10807-Counting", "Level\3\10807-Counting\10807-Counting.vcxproj", "{EB92B8C4-8519-4EC8-B1D9-9B69920857C6}"
EndProject
Project("{8BC9CEB8-8B4A-11D0-8D11-00A0C91BC942}") = "10950-APlusB-3", "Level\3\10950-APlusB-3\10950-APlusB-3.vcxproj", "{697F4B83-70CF-41DE-A32A-FE0FB5EA3F32}"
EndProject
Project("{8BC9CEB8-8B4A-11D0-8D11-00A0C91BC942}") = "11021-AplusB-7", "Level\3\11021-AplusB-7\11021-AplusB-7.vcxproj", "{F02E9E32-F6D5-4418-AB96-A16F41C49693}"
EndProject
Project("{8BC9CEB8-8B4A-11D0-8D11-00A0C91BC942}") = "11022-AplusB-8", "Level\3\11022-AplusB-8\11022-AplusB-8.vcxproj", "{1647F98F-FE5C-46E7-B565-53D4F0A66A7F}"
EndProject
Project("{8BC9CEB8-8B4A-11D0-8D11-00A0C91BC942}") = "10941-APlusB-4", "Level\4\10941-APlusB-4\10941-APlusB-4.vcxproj", "{F1E96CE7-6470-4A21-98B6-1AE2B395DA7C}"
EndProject
Project("{8BC9CEB8-8B4A-11D0-8D11-00A0C91BC942}") = "10952-APlusB-5", "Level\4\10952-APlusB-5\10952-APlusB-5.vcxproj", "{CE59C04B-9B07-498F-8534-234E817AFF74}"
EndProject
Project("{8BC9CEB8-8B4A-11D0-8D11-00A0C91BC942}") = "1546-Average", "Level\5\1546-Average\1546-Average.vcxproj", "{A2F9AC2C-FC6E-44BF-A513-21D663BDD74C}"
EndProject
Project("{8BC9CEB8-8B4A-11D0-8D11-00A0C91BC942}") = "2562-Max", "Level\5\2562-Max\2562-Max.vcxproj", "{A2446F2E-AD56-4661-BDE4-01ECC4CA2713}"
EndProject
Project("{8BC9CEB8-8B4A-11D0-8D11-00A0C91BC942}") = "2577-NumCount", "Level\5\2577-NumCount\2577-NumCount.vcxproj", "{427762F8-E68F-4B4C-A3E0-DFC27E9F2FBE}"
EndProject
Project("{8BC9CEB8-8B4A-11D0-8D11-00A0C91BC942}") = "3052-Remainder", "Level\5\3052-Remainder\3052-Remainder.vcxproj", "{2DC2DC94-5748-48D7-8395-C3D13DA68D36}"
EndProject
Project("{8BC9CEB8-8B4A-11D0-8D11-00A0C91BC942}") = "4344-AboveAverage", "Level\5\4344-AboveAverage\4344-AboveAverage.vcxproj", "{AB6DE188-FB92-4E2E-A366-0B4BAB1CCA87}"
EndProject
Project("{8BC9CEB8-8B4A-11D0-8D11-00A0C91BC942}") = "8958-OXQuiz", "Level\5\8958-OXQuiz\8958-OXQuiz.vcxproj", "{3EE1B68B-8C02-47A8-86BA-2AF51A327A5B}"
EndProject
Project("{8BC9CEB8-8B4A-11D0-8D11-00A0C91BC942}") = "10818-MinMax", "Level\5\10818-MinMax\10818-MinMax.vcxproj", "{8A714D07-49E8-47C0-8248-46E74F7723A1}"
EndProject
Project("{8BC9CEB8-8B4A-11D0-8D11-00A0C91BC942}") = "1065-HanSu", "Level\6\1065-HanSu\1065-HanSu.vcxproj", "{EF87879B-D408-4289-BAE4-C4CEE181433D}"
EndProject
Project("{8BC9CEB8-8B4A-11D0-8D11-00A0C91BC942}") = "4673-SelfNumber", "Level\6\4673-SelfNumber\4673-SelfNumber.vcxproj", "{754D3380-76FB-413B-B9CC-011AD1E953F2}"
EndProject
Project("{8BC9CEB8-8B4A-11D0-8D11-00A0C91BC942}") = "15596-IntSum", "Level\6\15596-IntSum\15596-IntSum.vcxproj", "{A0393B96-B1DF-4FB3-B0FB-FB6FD3EA48FC}"
EndProject
Project("{8BC9CEB8-8B4A-11D0-8D11-00A0C91BC942}") = "1152-WordCount", "Level\7\1152-WordCount\1152-WordCount.vcxproj", "{EE482A81-87C5-47D9-A164-2FD48EE2945D}"
EndProject
Project("{8BC9CEB8-8B4A-11D0-8D11-00A0C91BC942}") = "1157-WordStudy", "Level\7\1157-WordStudy\1157-WordStudy.vcxproj", "{467D0520-C00F-4E47-999E-8FBDB5806367}"
EndProject
Project("{8BC9CEB8-8B4A-11D0-8D11-00A0C91BC942}") = "1316-GroupWordChecker", "Level\7\1316-GroupWordChecker\1316-GroupWordChecker.vcxproj", "{F3ED262E-2C98-486A-AC72-0151629BF4A9}"
EndProject
Project("{8BC9CEB8-8B4A-11D0-8D11-00A0C91BC942}") = "2675-RepeatString", "Level\7\2675-RepeatString\2675-RepeatString.vcxproj", "{D7A95405-2E59-4E18-9161-4552FC8FF9A2}"
EndProject
Project("{8BC9CEB8-8B4A-11D0-8D11-00A0C91BC942}") = "2908-SangSu", "Level\7\2908-SangSu\2908-SangSu.vcxproj", "{5B982B6F-C627-4817-A973-7E6F1FDE795F}"
EndProject
Project("{8BC9CEB8-8B4A-11D0-8D11-00A0C91BC942}") = "2941-CroatiaAlphabet", "Level\7\2941-CroatiaAlphabet\2941-CroatiaAlphabet.vcxproj", "{29B7535B-37C9-42CE-B12C-3F2381CF81DC}"
EndProject
Project("{8BC9CEB8-8B4A-11D0-8D11-00A0C91BC942}") = "5622-Dial", "Level\7\5622-Dial\5622-Dial.vcxproj", "{5E8B35BC-02F3-4783-8344-966103CCD613}"
EndProject
Project("{8BC9CEB8-8B4A-11D0-8D11-00A0C91BC942}") = "10809-FindAlphabet", "Level\7\10809-FindAlphabet\10809-FindAlphabet.vcxproj", "{ECCE487C-217C-45CC-A4C7-E83A7D752B2B}"
EndProject
Project("{8BC9CEB8-8B4A-11D0-8D11-00A0C91BC942}") = "11654-ASCII", "Level\7\11654-ASCII\11654-ASCII.vcxproj", "{66095FE6-B028-4681-A854-DDAE5BB21E23}"
EndProject
Project("{8BC9CEB8-8B4A-11D0-8D11-00A0C91BC942}") = "11720-SumOfNums", "Level\7\11720-SumOfNums\11720-SumOfNums.vcxproj", "{CFBBA50F-01A8-49A5-A88D-FD6771B28167}"
EndProject
Project("{8BC9CEB8-8B4A-11D0-8D11-00A0C91BC942}") = "10872-Factorial", "Level\10\10872-Factorial\10872-Factorial.vcxproj", "{53843B61-7B9B-479A-A1C8-1D91AFE39089}"
EndProject
Project("{8BC9CEB8-8B4A-11D0-8D11-00A0C91BC942}") = "2609-GCDnLCM", "Category\LCMnGCD\2609-GCDnLCM\2609-GCDnLCM.vcxproj", "{BC94A5B9-2F09-4759-8662-29CD7554860C}"
EndProject
Project("{8BC9CEB8-8B4A-11D0-8D11-00A0C91BC942}") = "2525-OvenClock", "Level\2\2525-OvenClock\2525-OvenClock.vcxproj", "{E679E173-7C2A-4DDA-B8A3-976DD8DB1BB5}"
EndProject
Project("{8BC9CEB8-8B4A-11D0-8D11-00A0C91BC942}") = "2884-Alarm", "Level\2\2884-Alarm\2884-Alarm.vcxproj", "{BECDDAD7-5622-408D-B2C7-496CAB382692}"
EndProject
Global
	GlobalSection(SolutionConfigurationPlatforms) = preSolution
		Debug|x64 = Debug|x64
		Debug|x86 = Debug|x86
		Release|x64 = Release|x64
		Release|x86 = Release|x86
	EndGlobalSection
	GlobalSection(ProjectConfigurationPlatforms) = postSolution
		{4A768476-0736-4669-A8C1-3CC3FAC22CF9}.Debug|x64.ActiveCfg = Debug|x64
		{4A768476-0736-4669-A8C1-3CC3FAC22CF9}.Debug|x64.Build.0 = Debug|x64
		{4A768476-0736-4669-A8C1-3CC3FAC22CF9}.Debug|x86.ActiveCfg = Debug|Win32
		{4A768476-0736-4669-A8C1-3CC3FAC22CF9}.Debug|x86.Build.0 = Debug|Win32
		{4A768476-0736-4669-A8C1-3CC3FAC22CF9}.Release|x64.ActiveCfg = Release|x64
		{4A768476-0736-4669-A8C1-3CC3FAC22CF9}.Release|x64.Build.0 = Release|x64
		{4A768476-0736-4669-A8C1-3CC3FAC22CF9}.Release|x86.ActiveCfg = Release|Win32
		{4A768476-0736-4669-A8C1-3CC3FAC22CF9}.Release|x86.Build.0 = Release|Win32
		{CBB45CD5-CC4D-4DD8-8275-B225C286C6DE}.Debug|x64.ActiveCfg = Debug|x64
		{CBB45CD5-CC4D-4DD8-8275-B225C286C6DE}.Debug|x64.Build.0 = Debug|x64
		{CBB45CD5-CC4D-4DD8-8275-B225C286C6DE}.Debug|x86.ActiveCfg = Debug|Win32
		{CBB45CD5-CC4D-4DD8-8275-B225C286C6DE}.Debug|x86.Build.0 = Debug|Win32
		{CBB45CD5-CC4D-4DD8-8275-B225C286C6DE}.Release|x64.ActiveCfg = Release|x64
		{CBB45CD5-CC4D-4DD8-8275-B225C286C6DE}.Release|x64.Build.0 = Release|x64
		{CBB45CD5-CC4D-4DD8-8275-B225C286C6DE}.Release|x86.ActiveCfg = Release|Win32
		{CBB45CD5-CC4D-4DD8-8275-B225C286C6DE}.Release|x86.Build.0 = Release|Win32
		{5BC7AD26-BF67-4531-AF90-969D097F5B70}.Debug|x64.ActiveCfg = Debug|x64
		{5BC7AD26-BF67-4531-AF90-969D097F5B70}.Debug|x64.Build.0 = Debug|x64
		{5BC7AD26-BF67-4531-AF90-969D097F5B70}.Debug|x86.ActiveCfg = Debug|Win32
		{5BC7AD26-BF67-4531-AF90-969D097F5B70}.Debug|x86.Build.0 = Debug|Win32
		{5BC7AD26-BF67-4531-AF90-969D097F5B70}.Release|x64.ActiveCfg = Release|x64
		{5BC7AD26-BF67-4531-AF90-969D097F5B70}.Release|x64.Build.0 = Release|x64
		{5BC7AD26-BF67-4531-AF90-969D097F5B70}.Release|x86.ActiveCfg = Release|Win32
		{5BC7AD26-BF67-4531-AF90-969D097F5B70}.Release|x86.Build.0 = Release|Win32
		{5BDB3ED4-9328-4F6F-9D44-DF84AD549A70}.Debug|x64.ActiveCfg = Debug|x64
		{5BDB3ED4-9328-4F6F-9D44-DF84AD549A70}.Debug|x64.Build.0 = Debug|x64
		{5BDB3ED4-9328-4F6F-9D44-DF84AD549A70}.Debug|x86.ActiveCfg = Debug|Win32
		{5BDB3ED4-9328-4F6F-9D44-DF84AD549A70}.Debug|x86.Build.0 = Debug|Win32
		{5BDB3ED4-9328-4F6F-9D44-DF84AD549A70}.Release|x64.ActiveCfg = Release|x64
		{5BDB3ED4-9328-4F6F-9D44-DF84AD549A70}.Release|x64.Build.0 = Release|x64
		{5BDB3ED4-9328-4F6F-9D44-DF84AD549A70}.Release|x86.ActiveCfg = Release|Win32
		{5BDB3ED4-9328-4F6F-9D44-DF84AD549A70}.Release|x86.Build.0 = Release|Win32
		{60DB97BF-385B-4B79-B6FB-768C28F126B8}.Debug|x64.ActiveCfg = Debug|x64
		{60DB97BF-385B-4B79-B6FB-768C28F126B8}.Debug|x64.Build.0 = Debug|x64
		{60DB97BF-385B-4B79-B6FB-768C28F126B8}.Debug|x86.ActiveCfg = Debug|Win32
		{60DB97BF-385B-4B79-B6FB-768C28F126B8}.Debug|x86.Build.0 = Debug|Win32
		{60DB97BF-385B-4B79-B6FB-768C28F126B8}.Release|x64.ActiveCfg = Release|x64
		{60DB97BF-385B-4B79-B6FB-768C28F126B8}.Release|x64.Build.0 = Release|x64
		{60DB97BF-385B-4B79-B6FB-768C28F126B8}.Release|x86.ActiveCfg = Release|Win32
		{60DB97BF-385B-4B79-B6FB-768C28F126B8}.Release|x86.Build.0 = Release|Win32
		{BB16874C-70F8-4204-A97C-CDD1AA63A7A7}.Debug|x64.ActiveCfg = Debug|x64
		{BB16874C-70F8-4204-A97C-CDD1AA63A7A7}.Debug|x64.Build.0 = Debug|x64
		{BB16874C-70F8-4204-A97C-CDD1AA63A7A7}.Debug|x86.ActiveCfg = Debug|Win32
		{BB16874C-70F8-4204-A97C-CDD1AA63A7A7}.Debug|x86.Build.0 = Debug|Win32
		{BB16874C-70F8-4204-A97C-CDD1AA63A7A7}.Release|x64.ActiveCfg = Release|x64
		{BB16874C-70F8-4204-A97C-CDD1AA63A7A7}.Release|x64.Build.0 = Release|x64
		{BB16874C-70F8-4204-A97C-CDD1AA63A7A7}.Release|x86.ActiveCfg = Release|Win32
		{BB16874C-70F8-4204-A97C-CDD1AA63A7A7}.Release|x86.Build.0 = Release|Win32
		{3D148842-725D-4F26-AEE8-8A3E797EDDF1}.Debug|x64.ActiveCfg = Debug|x64
		{3D148842-725D-4F26-AEE8-8A3E797EDDF1}.Debug|x64.Build.0 = Debug|x64
		{3D148842-725D-4F26-AEE8-8A3E797EDDF1}.Debug|x86.ActiveCfg = Debug|Win32
		{3D148842-725D-4F26-AEE8-8A3E797EDDF1}.Debug|x86.Build.0 = Debug|Win32
		{3D148842-725D-4F26-AEE8-8A3E797EDDF1}.Release|x64.ActiveCfg = Release|x64
		{3D148842-725D-4F26-AEE8-8A3E797EDDF1}.Release|x64.Build.0 = Release|x64
		{3D148842-725D-4F26-AEE8-8A3E797EDDF1}.Release|x86.ActiveCfg = Release|Win32
		{3D148842-725D-4F26-AEE8-8A3E797EDDF1}.Release|x86.Build.0 = Release|Win32
		{BFCF74FF-2A9B-4FD5-BD4F-7BD2480CF3F8}.Debug|x64.ActiveCfg = Debug|x64
		{BFCF74FF-2A9B-4FD5-BD4F-7BD2480CF3F8}.Debug|x64.Build.0 = Debug|x64
		{BFCF74FF-2A9B-4FD5-BD4F-7BD2480CF3F8}.Debug|x86.ActiveCfg = Debug|Win32
		{BFCF74FF-2A9B-4FD5-BD4F-7BD2480CF3F8}.Debug|x86.Build.0 = Debug|Win32
		{BFCF74FF-2A9B-4FD5-BD4F-7BD2480CF3F8}.Release|x64.ActiveCfg = Release|x64
		{BFCF74FF-2A9B-4FD5-BD4F-7BD2480CF3F8}.Release|x64.Build.0 = Release|x64
		{BFCF74FF-2A9B-4FD5-BD4F-7BD2480CF3F8}.Release|x86.ActiveCfg = Release|Win32
		{BFCF74FF-2A9B-4FD5-BD4F-7BD2480CF3F8}.Release|x86.Build.0 = Release|Win32
		{AFF7FF0F-32D9-447C-BF85-EE8EA9A1057F}.Debug|x64.ActiveCfg = Debug|x64
		{AFF7FF0F-32D9-447C-BF85-EE8EA9A1057F}.Debug|x64.Build.0 = Debug|x64
		{AFF7FF0F-32D9-447C-BF85-EE8EA9A1057F}.Debug|x86.ActiveCfg = Debug|Win32
		{AFF7FF0F-32D9-447C-BF85-EE8EA9A1057F}.Debug|x86.Build.0 = Debug|Win32
		{AFF7FF0F-32D9-447C-BF85-EE8EA9A1057F}.Release|x64.ActiveCfg = Release|x64
		{AFF7FF0F-32D9-447C-BF85-EE8EA9A1057F}.Release|x64.Build.0 = Release|x64
		{AFF7FF0F-32D9-447C-BF85-EE8EA9A1057F}.Release|x86.ActiveCfg = Release|Win32
		{AFF7FF0F-32D9-447C-BF85-EE8EA9A1057F}.Release|x86.Build.0 = Release|Win32
		{44ACE7A2-AE53-4C87-A9E0-42D0CAEFCFFE}.Debug|x64.ActiveCfg = Debug|x64
		{44ACE7A2-AE53-4C87-A9E0-42D0CAEFCFFE}.Debug|x64.Build.0 = Debug|x64
		{44ACE7A2-AE53-4C87-A9E0-42D0CAEFCFFE}.Debug|x86.ActiveCfg = Debug|Win32
		{44ACE7A2-AE53-4C87-A9E0-42D0CAEFCFFE}.Debug|x86.Build.0 = Debug|Win32
		{44ACE7A2-AE53-4C87-A9E0-42D0CAEFCFFE}.Release|x64.ActiveCfg = Release|x64
		{44ACE7A2-AE53-4C87-A9E0-42D0CAEFCFFE}.Release|x64.Build.0 = Release|x64
		{44ACE7A2-AE53-4C87-A9E0-42D0CAEFCFFE}.Release|x86.ActiveCfg = Release|Win32
		{44ACE7A2-AE53-4C87-A9E0-42D0CAEFCFFE}.Release|x86.Build.0 = Release|Win32
		{ACEEDB26-10D4-4606-8BA1-99470C176A96}.Debug|x64.ActiveCfg = Debug|x64
		{ACEEDB26-10D4-4606-8BA1-99470C176A96}.Debug|x64.Build.0 = Debug|x64
		{ACEEDB26-10D4-4606-8BA1-99470C176A96}.Debug|x86.ActiveCfg = Debug|Win32
		{ACEEDB26-10D4-4606-8BA1-99470C176A96}.Debug|x86.Build.0 = Debug|Win32
		{ACEEDB26-10D4-4606-8BA1-99470C176A96}.Release|x64.ActiveCfg = Release|x64
		{ACEEDB26-10D4-4606-8BA1-99470C176A96}.Release|x64.Build.0 = Release|x64
		{ACEEDB26-10D4-4606-8BA1-99470C176A96}.Release|x86.ActiveCfg = Release|Win32
		{ACEEDB26-10D4-4606-8BA1-99470C176A96}.Release|x86.Build.0 = Release|Win32
		{BB001255-CA19-4B5E-AB5C-D410D3980B62}.Debug|x64.ActiveCfg = Debug|x64
		{BB001255-CA19-4B5E-AB5C-D410D3980B62}.Debug|x64.Build.0 = Debug|x64
		{BB001255-CA19-4B5E-AB5C-D410D3980B62}.Debug|x86.ActiveCfg = Debug|Win32
		{BB001255-CA19-4B5E-AB5C-D410D3980B62}.Debug|x86.Build.0 = Debug|Win32
		{BB001255-CA19-4B5E-AB5C-D410D3980B62}.Release|x64.ActiveCfg = Release|x64
		{BB001255-CA19-4B5E-AB5C-D410D3980B62}.Release|x64.Build.0 = Release|x64
		{BB001255-CA19-4B5E-AB5C-D410D3980B62}.Release|x86.ActiveCfg = Release|Win32
		{BB001255-CA19-4B5E-AB5C-D410D3980B62}.Release|x86.Build.0 = Release|Win32
		{82CCBAE9-5146-4FD9-8D1C-4B90D60CA033}.Debug|x64.ActiveCfg = Debug|x64
		{82CCBAE9-5146-4FD9-8D1C-4B90D60CA033}.Debug|x64.Build.0 = Debug|x64
		{82CCBAE9-5146-4FD9-8D1C-4B90D60CA033}.Debug|x86.ActiveCfg = Debug|Win32
		{82CCBAE9-5146-4FD9-8D1C-4B90D60CA033}.Debug|x86.Build.0 = Debug|Win32
		{82CCBAE9-5146-4FD9-8D1C-4B90D60CA033}.Release|x64.ActiveCfg = Release|x64
		{82CCBAE9-5146-4FD9-8D1C-4B90D60CA033}.Release|x64.Build.0 = Release|x64
		{82CCBAE9-5146-4FD9-8D1C-4B90D60CA033}.Release|x86.ActiveCfg = Release|Win32
		{82CCBAE9-5146-4FD9-8D1C-4B90D60CA033}.Release|x86.Build.0 = Release|Win32
		{543E9316-6991-4CDC-8F7E-E0780408749E}.Debug|x64.ActiveCfg = Debug|x64
		{543E9316-6991-4CDC-8F7E-E0780408749E}.Debug|x64.Build.0 = Debug|x64
		{543E9316-6991-4CDC-8F7E-E0780408749E}.Debug|x86.ActiveCfg = Debug|Win32
		{543E9316-6991-4CDC-8F7E-E0780408749E}.Debug|x86.Build.0 = Debug|Win32
		{543E9316-6991-4CDC-8F7E-E0780408749E}.Release|x64.ActiveCfg = Release|x64
		{543E9316-6991-4CDC-8F7E-E0780408749E}.Release|x64.Build.0 = Release|x64
		{543E9316-6991-4CDC-8F7E-E0780408749E}.Release|x86.ActiveCfg = Release|Win32
		{543E9316-6991-4CDC-8F7E-E0780408749E}.Release|x86.Build.0 = Release|Win32
		{CF4726ED-78D4-45A4-80E6-7E25BDC48A26}.Debug|x64.ActiveCfg = Debug|x64
		{CF4726ED-78D4-45A4-80E6-7E25BDC48A26}.Debug|x64.Build.0 = Debug|x64
		{CF4726ED-78D4-45A4-80E6-7E25BDC48A26}.Debug|x86.ActiveCfg = Debug|Win32
		{CF4726ED-78D4-45A4-80E6-7E25BDC48A26}.Debug|x86.Build.0 = Debug|Win32
		{CF4726ED-78D4-45A4-80E6-7E25BDC48A26}.Release|x64.ActiveCfg = Release|x64
		{CF4726ED-78D4-45A4-80E6-7E25BDC48A26}.Release|x64.Build.0 = Release|x64
		{CF4726ED-78D4-45A4-80E6-7E25BDC48A26}.Release|x86.ActiveCfg = Release|Win32
		{CF4726ED-78D4-45A4-80E6-7E25BDC48A26}.Release|x86.Build.0 = Release|Win32
		{A2CEE38A-5BBF-4F2B-A529-5AB90245FCCC}.Debug|x64.ActiveCfg = Debug|x64
		{A2CEE38A-5BBF-4F2B-A529-5AB90245FCCC}.Debug|x64.Build.0 = Debug|x64
		{A2CEE38A-5BBF-4F2B-A529-5AB90245FCCC}.Debug|x86.ActiveCfg = Debug|Win32
		{A2CEE38A-5BBF-4F2B-A529-5AB90245FCCC}.Debug|x86.Build.0 = Debug|Win32
		{A2CEE38A-5BBF-4F2B-A529-5AB90245FCCC}.Release|x64.ActiveCfg = Release|x64
		{A2CEE38A-5BBF-4F2B-A529-5AB90245FCCC}.Release|x64.Build.0 = Release|x64
		{A2CEE38A-5BBF-4F2B-A529-5AB90245FCCC}.Release|x86.ActiveCfg = Release|Win32
		{A2CEE38A-5BBF-4F2B-A529-5AB90245FCCC}.Release|x86.Build.0 = Release|Win32
		{45F7474D-2CFD-45A3-8D43-58205BA088CF}.Debug|x64.ActiveCfg = Debug|x64
		{45F7474D-2CFD-45A3-8D43-58205BA088CF}.Debug|x64.Build.0 = Debug|x64
		{45F7474D-2CFD-45A3-8D43-58205BA088CF}.Debug|x86.ActiveCfg = Debug|Win32
		{45F7474D-2CFD-45A3-8D43-58205BA088CF}.Debug|x86.Build.0 = Debug|Win32
		{45F7474D-2CFD-45A3-8D43-58205BA088CF}.Release|x64.ActiveCfg = Release|x64
		{45F7474D-2CFD-45A3-8D43-58205BA088CF}.Release|x64.Build.0 = Release|x64
		{45F7474D-2CFD-45A3-8D43-58205BA088CF}.Release|x86.ActiveCfg = Release|Win32
		{45F7474D-2CFD-45A3-8D43-58205BA088CF}.Release|x86.Build.0 = Release|Win32
		{9D0C8E94-A25B-4153-9B81-21EC5C55F3D7}.Debug|x64.ActiveCfg = Debug|x64
		{9D0C8E94-A25B-4153-9B81-21EC5C55F3D7}.Debug|x64.Build.0 = Debug|x64
		{9D0C8E94-A25B-4153-9B81-21EC5C55F3D7}.Debug|x86.ActiveCfg = Debug|Win32
		{9D0C8E94-A25B-4153-9B81-21EC5C55F3D7}.Debug|x86.Build.0 = Debug|Win32
		{9D0C8E94-A25B-4153-9B81-21EC5C55F3D7}.Release|x64.ActiveCfg = Release|x64
		{9D0C8E94-A25B-4153-9B81-21EC5C55F3D7}.Release|x64.Build.0 = Release|x64
		{9D0C8E94-A25B-4153-9B81-21EC5C55F3D7}.Release|x86.ActiveCfg = Release|Win32
		{9D0C8E94-A25B-4153-9B81-21EC5C55F3D7}.Release|x86.Build.0 = Release|Win32
		{1C3CC9C6-46A8-414A-8101-7593EE779964}.Debug|x64.ActiveCfg = Debug|x64
		{1C3CC9C6-46A8-414A-8101-7593EE779964}.Debug|x64.Build.0 = Debug|x64
		{1C3CC9C6-46A8-414A-8101-7593EE779964}.Debug|x86.ActiveCfg = Debug|Win32
		{1C3CC9C6-46A8-414A-8101-7593EE779964}.Debug|x86.Build.0 = Debug|Win32
		{1C3CC9C6-46A8-414A-8101-7593EE779964}.Release|x64.ActiveCfg = Release|x64
		{1C3CC9C6-46A8-414A-8101-7593EE779964}.Release|x64.Build.0 = Release|x64
		{1C3CC9C6-46A8-414A-8101-7593EE779964}.Release|x86.ActiveCfg = Release|Win32
		{1C3CC9C6-46A8-414A-8101-7593EE779964}.Release|x86.Build.0 = Release|Win32
		{EB92B8C4-8519-4EC8-B1D9-9B69920857C6}.Debug|x64.ActiveCfg = Debug|x64
		{EB92B8C4-8519-4EC8-B1D9-9B69920857C6}.Debug|x64.Build.0 = Debug|x64
		{EB92B8C4-8519-4EC8-B1D9-9B69920857C6}.Debug|x86.ActiveCfg = Debug|Win32
		{EB92B8C4-8519-4EC8-B1D9-9B69920857C6}.Debug|x86.Build.0 = Debug|Win32
		{EB92B8C4-8519-4EC8-B1D9-9B69920857C6}.Release|x64.ActiveCfg = Release|x64
		{EB92B8C4-8519-4EC8-B1D9-9B69920857C6}.Release|x64.Build.0 = Release|x64
		{EB92B8C4-8519-4EC8-B1D9-9B69920857C6}.Release|x86.ActiveCfg = Release|Win32
		{EB92B8C4-8519-4EC8-B1D9-9B69920857C6}.Release|x86.Build.0 = Release|Win32
		{697F4B83-70CF-41DE-A32A-FE0FB5EA3F32}.Debug|x64.ActiveCfg = Debug|x64
		{697F4B83-70CF-41DE-A32A-FE0FB5EA3F32}.Debug|x64.Build.0 = Debug|x64
		{697F4B83-70CF-41DE-A32A-FE0FB5EA3F32}.Debug|x86.ActiveCfg = Debug|Win32
		{697F4B83-70CF-41DE-A32A-FE0FB5EA3F32}.Debug|x86.Build.0 = Debug|Win32
		{697F4B83-70CF-41DE-A32A-FE0FB5EA3F32}.Release|x64.ActiveCfg = Release|x64
		{697F4B83-70CF-41DE-A32A-FE0FB5EA3F32}.Release|x64.Build.0 = Release|x64
		{697F4B83-70CF-41DE-A32A-FE0FB5EA3F32}.Release|x86.ActiveCfg = Release|Win32
		{697F4B83-70CF-41DE-A32A-FE0FB5EA3F32}.Release|x86.Build.0 = Release|Win32
		{F02E9E32-F6D5-4418-AB96-A16F41C49693}.Debug|x64.ActiveCfg = Debug|x64
		{F02E9E32-F6D5-4418-AB96-A16F41C49693}.Debug|x64.Build.0 = Debug|x64
		{F02E9E32-F6D5-4418-AB96-A16F41C49693}.Debug|x86.ActiveCfg = Debug|Win32
		{F02E9E32-F6D5-4418-AB96-A16F41C49693}.Debug|x86.Build.0 = Debug|Win32
		{F02E9E32-F6D5-4418-AB96-A16F41C49693}.Release|x64.ActiveCfg = Release|x64
		{F02E9E32-F6D5-4418-AB96-A16F41C49693}.Release|x64.Build.0 = Release|x64
		{F02E9E32-F6D5-4418-AB96-A16F41C49693}.Release|x86.ActiveCfg = Release|Win32
		{F02E9E32-F6D5-4418-AB96-A16F41C49693}.Release|x86.Build.0 = Release|Win32
		{1647F98F-FE5C-46E7-B565-53D4F0A66A7F}.Debug|x64.ActiveCfg = Debug|x64
		{1647F98F-FE5C-46E7-B565-53D4F0A66A7F}.Debug|x64.Build.0 = Debug|x64
		{1647F98F-FE5C-46E7-B565-53D4F0A66A7F}.Debug|x86.ActiveCfg = Debug|Win32
		{1647F98F-FE5C-46E7-B565-53D4F0A66A7F}.Debug|x86.Build.0 = Debug|Win32
		{1647F98F-FE5C-46E7-B565-53D4F0A66A7F}.Release|x64.ActiveCfg = Release|x64
		{1647F98F-FE5C-46E7-B565-53D4F0A66A7F}.Release|x64.Build.0 = Release|x64
		{1647F98F-FE5C-46E7-B565-53D4F0A66A7F}.Release|x86.ActiveCfg = Release|Win32
		{1647F98F-FE5C-46E7-B565-53D4F0A66A7F}.Release|x86.Build.0 = Release|Win32
		{F1E96CE7-6470-4A21-98B6-1AE2B395DA7C}.Debug|x64.ActiveCfg = Debug|x64
		{F1E96CE7-6470-4A21-98B6-1AE2B395DA7C}.Debug|x64.Build.0 = Debug|x64
		{F1E96CE7-6470-4A21-98B6-1AE2B395DA7C}.Debug|x86.ActiveCfg = Debug|Win32
		{F1E96CE7-6470-4A21-98B6-1AE2B395DA7C}.Debug|x86.Build.0 = Debug|Win32
		{F1E96CE7-6470-4A21-98B6-1AE2B395DA7C}.Release|x64.ActiveCfg = Release|x64
		{F1E96CE7-6470-4A21-98B6-1AE2B395DA7C}.Release|x64.Build.0 = Release|x64
		{F1E96CE7-6470-4A21-98B6-1AE2B395DA7C}.Release|x86.ActiveCfg = Release|Win32
		{F1E96CE7-6470-4A21-98B6-1AE2B395DA7C}.Release|x86.Build.0 = Release|Win32
		{CE59C04B-9B07-498F-8534-234E817AFF74}.Debug|x64.ActiveCfg = Debug|x64
		{CE59C04B-9B07-498F-8534-234E817AFF74}.Debug|x64.Build.0 = Debug|x64
		{CE59C04B-9B07-498F-8534-234E817AFF74}.Debug|x86.ActiveCfg = Debug|Win32
		{CE59C04B-9B07-498F-8534-234E817AFF74}.Debug|x86.Build.0 = Debug|Win32
		{CE59C04B-9B07-498F-8534-234E817AFF74}.Release|x64.ActiveCfg = Release|x64
		{CE59C04B-9B07-498F-8534-234E817AFF74}.Release|x64.Build.0 = Release|x64
		{CE59C04B-9B07-498F-8534-234E817AFF74}.Release|x86.ActiveCfg = Release|Win32
		{CE59C04B-9B07-498F-8534-234E817AFF74}.Release|x86.Build.0 = Release|Win32
		{A2F9AC2C-FC6E-44BF-A513-21D663BDD74C}.Debug|x64.ActiveCfg = Debug|x64
		{A2F9AC2C-FC6E-44BF-A513-21D663BDD74C}.Debug|x64.Build.0 = Debug|x64
		{A2F9AC2C-FC6E-44BF-A513-21D663BDD74C}.Debug|x86.ActiveCfg = Debug|Win32
		{A2F9AC2C-FC6E-44BF-A513-21D663BDD74C}.Debug|x86.Build.0 = Debug|Win32
		{A2F9AC2C-FC6E-44BF-A513-21D663BDD74C}.Release|x64.ActiveCfg = Release|x64
		{A2F9AC2C-FC6E-44BF-A513-21D663BDD74C}.Release|x64.Build.0 = Release|x64
		{A2F9AC2C-FC6E-44BF-A513-21D663BDD74C}.Release|x86.ActiveCfg = Release|Win32
		{A2F9AC2C-FC6E-44BF-A513-21D663BDD74C}.Release|x86.Build.0 = Release|Win32
		{A2446F2E-AD56-4661-BDE4-01ECC4CA2713}.Debug|x64.ActiveCfg = Debug|x64
		{A2446F2E-AD56-4661-BDE4-01ECC4CA2713}.Debug|x64.Build.0 = Debug|x64
		{A2446F2E-AD56-4661-BDE4-01ECC4CA2713}.Debug|x86.ActiveCfg = Debug|Win32
		{A2446F2E-AD56-4661-BDE4-01ECC4CA2713}.Debug|x86.Build.0 = Debug|Win32
		{A2446F2E-AD56-4661-BDE4-01ECC4CA2713}.Release|x64.ActiveCfg = Release|x64
		{A2446F2E-AD56-4661-BDE4-01ECC4CA2713}.Release|x64.Build.0 = Release|x64
		{A2446F2E-AD56-4661-BDE4-01ECC4CA2713}.Release|x86.ActiveCfg = Release|Win32
		{A2446F2E-AD56-4661-BDE4-01ECC4CA2713}.Release|x86.Build.0 = Release|Win32
		{427762F8-E68F-4B4C-A3E0-DFC27E9F2FBE}.Debug|x64.ActiveCfg = Debug|x64
		{427762F8-E68F-4B4C-A3E0-DFC27E9F2FBE}.Debug|x64.Build.0 = Debug|x64
		{427762F8-E68F-4B4C-A3E0-DFC27E9F2FBE}.Debug|x86.ActiveCfg = Debug|Win32
		{427762F8-E68F-4B4C-A3E0-DFC27E9F2FBE}.Debug|x86.Build.0 = Debug|Win32
		{427762F8-E68F-4B4C-A3E0-DFC27E9F2FBE}.Release|x64.ActiveCfg = Release|x64
		{427762F8-E68F-4B4C-A3E0-DFC27E9F2FBE}.Release|x64.Build.0 = Release|x64
		{427762F8-E68F-4B4C-A3E0-DFC27E9F2FBE}.Release|x86.ActiveCfg = Release|Win32
		{427762F8-E68F-4B4C-A3E0-DFC27E9F2FBE}.Release|x86.Build.0 = Release|Win32
		{2DC2DC94-5748-48D7-8395-C3D13DA68D36}.Debug|x64.ActiveCfg = Debug|x64
		{2DC2DC94-5748-48D7-8395-C3D13DA68D36}.Debug|x64.Build.0 = Debug|x64
		{2DC2DC94-5748-48D7-8395-C3D13DA68D36}.Debug|x86.ActiveCfg = Debug|Win32
		{2DC2DC94-5748-48D7-8395-C3D13DA68D36}.Debug|x86.Build.0 = Debug|Win32
		{2DC2DC94-5748-48D7-8395-C3D13DA68D36}.Release|x64.ActiveCfg = Release|x64
		{2DC2DC94-5748-48D7-8395-C3D13DA68D36}.Release|x64.Build.0 = Release|x64
		{2DC2DC94-5748-48D7-8395-C3D13DA68D36}.Release|x86.ActiveCfg = Release|Win32
		{2DC2DC94-5748-48D7-8395-C3D13DA68D36}.Release|x86.Build.0 = Release|Win32
		{AB6DE188-FB92-4E2E-A366-0B4BAB1CCA87}.Debug|x64.ActiveCfg = Debug|x64
		{AB6DE188-FB92-4E2E-A366-0B4BAB1CCA87}.Debug|x64.Build.0 = Debug|x64
		{AB6DE188-FB92-4E2E-A366-0B4BAB1CCA87}.Debug|x86.ActiveCfg = Debug|Win32
		{AB6DE188-FB92-4E2E-A366-0B4BAB1CCA87}.Debug|x86.Build.0 = Debug|Win32
		{AB6DE188-FB92-4E2E-A366-0B4BAB1CCA87}.Release|x64.ActiveCfg = Release|x64
		{AB6DE188-FB92-4E2E-A366-0B4BAB1CCA87}.Release|x64.Build.0 = Release|x64
		{AB6DE188-FB92-4E2E-A366-0B4BAB1CCA87}.Release|x86.ActiveCfg = Release|Win32
		{AB6DE188-FB92-4E2E-A366-0B4BAB1CCA87}.Release|x86.Build.0 = Release|Win32
		{3EE1B68B-8C02-47A8-86BA-2AF51A327A5B}.Debug|x64.ActiveCfg = Debug|x64
		{3EE1B68B-8C02-47A8-86BA-2AF51A327A5B}.Debug|x64.Build.0 = Debug|x64
		{3EE1B68B-8C02-47A8-86BA-2AF51A327A5B}.Debug|x86.ActiveCfg = Debug|Win32
		{3EE1B68B-8C02-47A8-86BA-2AF51A327A5B}.Debug|x86.Build.0 = Debug|Win32
		{3EE1B68B-8C02-47A8-86BA-2AF51A327A5B}.Release|x64.ActiveCfg = Release|x64
		{3EE1B68B-8C02-47A8-86BA-2AF51A327A5B}.Release|x64.Build.0 = Release|x64
		{3EE1B68B-8C02-47A8-86BA-2AF51A327A5B}.Release|x86.ActiveCfg = Release|Win32
		{3EE1B68B-8C02-47A8-86BA-2AF51A327A5B}.Release|x86.Build.0 = Release|Win32
		{8A714D07-49E8-47C0-8248-46E74F7723A1}.Debug|x64.ActiveCfg = Debug|x64
		{8A714D07-49E8-47C0-8248-46E74F7723A1}.Debug|x64.Build.0 = Debug|x64
		{8A714D07-49E8-47C0-8248-46E74F7723A1}.Debug|x86.ActiveCfg = Debug|Win32
		{8A714D07-49E8-47C0-8248-46E74F7723A1}.Debug|x86.Build.0 = Debug|Win32
		{8A714D07-49E8-47C0-8248-46E74F7723A1}.Release|x64.ActiveCfg = Release|x64
		{8A714D07-49E8-47C0-8248-46E74F7723A1}.Release|x64.Build.0 = Release|x64
		{8A714D07-49E8-47C0-8248-46E74F7723A1}.Release|x86.ActiveCfg = Release|Win32
		{8A714D07-49E8-47C0-8248-46E74F7723A1}.Release|x86.Build.0 = Release|Win32
		{EF87879B-D408-4289-BAE4-C4CEE181433D}.Debug|x64.ActiveCfg = Debug|x64
		{EF87879B-D408-4289-BAE4-C4CEE181433D}.Debug|x64.Build.0 = Debug|x64
		{EF87879B-D408-4289-BAE4-C4CEE181433D}.Debug|x86.ActiveCfg = Debug|Win32
		{EF87879B-D408-4289-BAE4-C4CEE181433D}.Debug|x86.Build.0 = Debug|Win32
		{EF87879B-D408-4289-BAE4-C4CEE181433D}.Release|x64.ActiveCfg = Release|x64
		{EF87879B-D408-4289-BAE4-C4CEE181433D}.Release|x64.Build.0 = Release|x64
		{EF87879B-D408-4289-BAE4-C4CEE181433D}.Release|x86.ActiveCfg = Release|Win32
		{EF87879B-D408-4289-BAE4-C4CEE181433D}.Release|x86.Build.0 = Release|Win32
		{754D3380-76FB-413B-B9CC-011AD1E953F2}.Debug|x64.ActiveCfg = Debug|x64
		{754D3380-76FB-413B-B9CC-011AD1E953F2}.Debug|x64.Build.0 = Debug|x64
		{754D3380-76FB-413B-B9CC-011AD1E953F2}.Debug|x86.ActiveCfg = Debug|Win32
		{754D3380-76FB-413B-B9CC-011AD1E953F2}.Debug|x86.Build.0 = Debug|Win32
		{754D3380-76FB-413B-B9CC-011AD1E953F2}.Release|x64.ActiveCfg = Release|x64
		{754D3380-76FB-413B-B9CC-011AD1E953F2}.Release|x64.Build.0 = Release|x64
		{754D3380-76FB-413B-B9CC-011AD1E953F2}.Release|x86.ActiveCfg = Release|Win32
		{754D3380-76FB-413B-B9CC-011AD1E953F2}.Release|x86.Build.0 = Release|Win32
		{A0393B96-B1DF-4FB3-B0FB-FB6FD3EA48FC}.Debug|x64.ActiveCfg = Debug|x64
		{A0393B96-B1DF-4FB3-B0FB-FB6FD3EA48FC}.Debug|x64.Build.0 = Debug|x64
		{A0393B96-B1DF-4FB3-B0FB-FB6FD3EA48FC}.Debug|x86.ActiveCfg = Debug|Win32
		{A0393B96-B1DF-4FB3-B0FB-FB6FD3EA48FC}.Debug|x86.Build.0 = Debug|Win32
		{A0393B96-B1DF-4FB3-B0FB-FB6FD3EA48FC}.Release|x64.ActiveCfg = Release|x64
		{A0393B96-B1DF-4FB3-B0FB-FB6FD3EA48FC}.Release|x64.Build.0 = Release|x64
		{A0393B96-B1DF-4FB3-B0FB-FB6FD3EA48FC}.Release|x86.ActiveCfg = Release|Win32
		{A0393B96-B1DF-4FB3-B0FB-FB6FD3EA48FC}.Release|x86.Build.0 = Release|Win32
		{EE482A81-87C5-47D9-A164-2FD48EE2945D}.Debug|x64.ActiveCfg = Debug|x64
		{EE482A81-87C5-47D9-A164-2FD48EE2945D}.Debug|x64.Build.0 = Debug|x64
		{EE482A81-87C5-47D9-A164-2FD48EE2945D}.Debug|x86.ActiveCfg = Debug|Win32
		{EE482A81-87C5-47D9-A164-2FD48EE2945D}.Debug|x86.Build.0 = Debug|Win32
		{EE482A81-87C5-47D9-A164-2FD48EE2945D}.Release|x64.ActiveCfg = Release|x64
		{EE482A81-87C5-47D9-A164-2FD48EE2945D}.Release|x64.Build.0 = Release|x64
		{EE482A81-87C5-47D9-A164-2FD48EE2945D}.Release|x86.ActiveCfg = Release|Win32
		{EE482A81-87C5-47D9-A164-2FD48EE2945D}.Release|x86.Build.0 = Release|Win32
		{467D0520-C00F-4E47-999E-8FBDB5806367}.Debug|x64.ActiveCfg = Debug|x64
		{467D0520-C00F-4E47-999E-8FBDB5806367}.Debug|x64.Build.0 = Debug|x64
		{467D0520-C00F-4E47-999E-8FBDB5806367}.Debug|x86.ActiveCfg = Debug|Win32
		{467D0520-C00F-4E47-999E-8FBDB5806367}.Debug|x86.Build.0 = Debug|Win32
		{467D0520-C00F-4E47-999E-8FBDB5806367}.Release|x64.ActiveCfg = Release|x64
		{467D0520-C00F-4E47-999E-8FBDB5806367}.Release|x64.Build.0 = Release|x64
		{467D0520-C00F-4E47-999E-8FBDB5806367}.Release|x86.ActiveCfg = Release|Win32
		{467D0520-C00F-4E47-999E-8FBDB5806367}.Release|x86.Build.0 = Release|Win32
		{F3ED262E-2C98-486A-AC72-0151629BF4A9}.Debug|x64.ActiveCfg = Debug|x64
		{F3ED262E-2C98-486A-AC72-0151629BF4A9}.Debug|x64.Build.0 = Debug|x64
		{F3ED262E-2C98-486A-AC72-0151629BF4A9}.Debug|x86.ActiveCfg = Debug|Win32
		{F3ED262E-2C98-486A-AC72-0151629BF4A9}.Debug|x86.Build.0 = Debug|Win32
		{F3ED262E-2C98-486A-AC72-0151629BF4A9}.Release|x64.ActiveCfg = Release|x64
		{F3ED262E-2C98-486A-AC72-0151629BF4A9}.Release|x64.Build.0 = Release|x64
		{F3ED262E-2C98-486A-AC72-0151629BF4A9}.Release|x86.ActiveCfg = Release|Win32
		{F3ED262E-2C98-486A-AC72-0151629BF4A9}.Release|x86.Build.0 = Release|Win32
		{D7A95405-2E59-4E18-9161-4552FC8FF9A2}.Debug|x64.ActiveCfg = Debug|x64
		{D7A95405-2E59-4E18-9161-4552FC8FF9A2}.Debug|x64.Build.0 = Debug|x64
		{D7A95405-2E59-4E18-9161-4552FC8FF9A2}.Debug|x86.ActiveCfg = Debug|Win32
		{D7A95405-2E59-4E18-9161-4552FC8FF9A2}.Debug|x86.Build.0 = Debug|Win32
		{D7A95405-2E59-4E18-9161-4552FC8FF9A2}.Release|x64.ActiveCfg = Release|x64
		{D7A95405-2E59-4E18-9161-4552FC8FF9A2}.Release|x64.Build.0 = Release|x64
		{D7A95405-2E59-4E18-9161-4552FC8FF9A2}.Release|x86.ActiveCfg = Release|Win32
		{D7A95405-2E59-4E18-9161-4552FC8FF9A2}.Release|x86.Build.0 = Release|Win32
		{5B982B6F-C627-4817-A973-7E6F1FDE795F}.Debug|x64.ActiveCfg = Debug|x64
		{5B982B6F-C627-4817-A973-7E6F1FDE795F}.Debug|x64.Build.0 = Debug|x64
		{5B982B6F-C627-4817-A973-7E6F1FDE795F}.Debug|x86.ActiveCfg = Debug|Win32
		{5B982B6F-C627-4817-A973-7E6F1FDE795F}.Debug|x86.Build.0 = Debug|Win32
		{5B982B6F-C627-4817-A973-7E6F1FDE795F}.Release|x64.ActiveCfg = Release|x64
		{5B982B6F-C627-4817-A973-7E6F1FDE795F}.Release|x64.Build.0 = Release|x64
		{5B982B6F-C627-4817-A973-7E6F1FDE795F}.Release|x86.ActiveCfg = Release|Win32
		{5B982B6F-C627-4817-A973-7E6F1FDE795F}.Release|x86.Build.0 = Release|Win32
		{29B7535B-37C9-42CE-B12C-3F2381CF81DC}.Debug|x64.ActiveCfg = Debug|x64
		{29B7535B-37C9-42CE-B12C-3F2381CF81DC}.Debug|x64.Build.0 = Debug|x64
		{29B7535B-37C9-42CE-B12C-3F2381CF81DC}.Debug|x86.ActiveCfg = Debug|Win32
		{29B7535B-37C9-42CE-B12C-3F2381CF81DC}.Debug|x86.Build.0 = Debug|Win32
		{29B7535B-37C9-42CE-B12C-3F2381CF81DC}.Release|x64.ActiveCfg = Release|x64
		{29B7535B-37C9-42CE-B12C-3F2381CF81DC}.Release|x64.Build.0 = Release|x64
		{29B7535B-37C9-42CE-B12C-3F2381CF81DC}.Release|x86.ActiveCfg = Release|Win32
		{29B7535B-37C9-42CE-B12C-3F2381CF81DC}.Release|x86.Build.0 = Release|Win32
		{5E8B35BC-02F3-4783-8344-966103CCD613}.Debug|x64.ActiveCfg = Debug|x64
		{5E8B35BC-02F3-4783-8344-966103CCD613}.Debug|x64.Build.0 = Debug|x64
		{5E8B35BC-02F3-4783-8344-966103CCD613}.Debug|x86.ActiveCfg = Debug|Win32
		{5E8B35BC-02F3-4783-8344-966103CCD613}.Debug|x86.Build.0 = Debug|Win32
		{5E8B35BC-02F3-4783-8344-966103CCD613}.Release|x64.ActiveCfg = Release|x64
		{5E8B35BC-02F3-4783-8344-966103CCD613}.Release|x64.Build.0 = Release|x64
		{5E8B35BC-02F3-4783-8344-966103CCD613}.Release|x86.ActiveCfg = Release|Win32
		{5E8B35BC-02F3-4783-8344-966103CCD613}.Release|x86.Build.0 = Release|Win32
		{ECCE487C-217C-45CC-A4C7-E83A7D752B2B}.Debug|x64.ActiveCfg = Debug|x64
		{ECCE487C-217C-45CC-A4C7-E83A7D752B2B}.Debug|x64.Build.0 = Debug|x64
		{ECCE487C-217C-45CC-A4C7-E83A7D752B2B}.Debug|x86.ActiveCfg = Debug|Win32
		{ECCE487C-217C-45CC-A4C7-E83A7D752B2B}.Debug|x86.Build.0 = Debug|Win32
		{ECCE487C-217C-45CC-A4C7-E83A7D752B2B}.Release|x64.ActiveCfg = Release|x64
		{ECCE487C-217C-45CC-A4C7-E83A7D752B2B}.Release|x64.Build.0 = Release|x64
		{ECCE487C-217C-45CC-A4C7-E83A7D752B2B}.Release|x86.ActiveCfg = Release|Win32
		{ECCE487C-217C-45CC-A4C7-E83A7D752B2B}.Release|x86.Build.0 = Release|Win32
		{66095FE6-B028-4681-A854-DDAE5BB21E23}.Debug|x64.ActiveCfg = Debug|x64
		{66095FE6-B028-4681-A854-DDAE5BB21E23}.Debug|x64.Build.0 = Debug|x64
		{66095FE6-B028-4681-A854-DDAE5BB21E23}.Debug|x86.ActiveCfg = Debug|Win32
		{66095FE6-B028-4681-A854-DDAE5BB21E23}.Debug|x86.Build.0 = Debug|Win32
		{66095FE6-B028-4681-A854-DDAE5BB21E23}.Release|x64.ActiveCfg = Release|x64
		{66095FE6-B028-4681-A854-DDAE5BB21E23}.Release|x64.Build.0 = Release|x64
		{66095FE6-B028-4681-A854-DDAE5BB21E23}.Release|x86.ActiveCfg = Release|Win32
		{66095FE6-B028-4681-A854-DDAE5BB21E23}.Release|x86.Build.0 = Release|Win32
		{CFBBA50F-01A8-49A5-A88D-FD6771B28167}.Debug|x64.ActiveCfg = Debug|x64
		{CFBBA50F-01A8-49A5-A88D-FD6771B28167}.Debug|x64.Build.0 = Debug|x64
		{CFBBA50F-01A8-49A5-A88D-FD6771B28167}.Debug|x86.ActiveCfg = Debug|Win32
		{CFBBA50F-01A8-49A5-A88D-FD6771B28167}.Debug|x86.Build.0 = Debug|Win32
		{CFBBA50F-01A8-49A5-A88D-FD6771B28167}.Release|x64.ActiveCfg = Release|x64
		{CFBBA50F-01A8-49A5-A88D-FD6771B28167}.Release|x64.Build.0 = Release|x64
		{CFBBA50F-01A8-49A5-A88D-FD6771B28167}.Release|x86.ActiveCfg = Release|Win32
		{CFBBA50F-01A8-49A5-A88D-FD6771B28167}.Release|x86.Build.0 = Release|Win32
		{53843B61-7B9B-479A-A1C8-1D91AFE39089}.Debug|x64.ActiveCfg = Debug|x64
		{53843B61-7B9B-479A-A1C8-1D91AFE39089}.Debug|x64.Build.0 = Debug|x64
		{53843B61-7B9B-479A-A1C8-1D91AFE39089}.Debug|x86.ActiveCfg = Debug|Win32
		{53843B61-7B9B-479A-A1C8-1D91AFE39089}.Debug|x86.Build.0 = Debug|Win32
		{53843B61-7B9B-479A-A1C8-1D91AFE39089}.Release|x64.ActiveCfg = Release|x64
		{53843B61-7B9B-479A-A1C8-1D91AFE39089}.Release|x64.Build.0 = Release|x64
		{53843B61-7B9B-479A-A1C8-1D91AFE39089}.Release|x86.ActiveCfg = Release|Win32
		{53843B61-7B9B-479A-A1C8-1D91AFE39089}.Release|x86.Build.0 = Release|Win32
		{BC94A5B9-2F09-4759-8662-29CD7554860C}.Debug|x64.ActiveCfg = Debug|x64
		{BC94A5B9-2F09-4759-8662-29CD7554860C}.Debug|x64.Build.0 = Debug|x64
		{BC94A5B9-2F09-4759-8662-29CD7554860C}.Debug|x86.ActiveCfg = Debug|Win32
		{BC94A5B9-2F09-4759-8662-29CD7554860C}.Debug|x86.Build.0 = Debug|Win32
		{BC94A5B9-2F09-4759-8662-29CD7554860C}.Release|x64.ActiveCfg = Release|x64
		{BC94A5B9-2F09-4759-8662-29CD7554860C}.Release|x64.Build.0 = Release|x64
		{BC94A5B9-2F09-4759-8662-29CD7554860C}.Release|x86.ActiveCfg = Release|Win32
		{BC94A5B9-2F09-4759-8662-29CD7554860C}.Release|x86.Build.0 = Release|Win32
		{E679E173-7C2A-4DDA-B8A3-976DD8DB1BB5}.Debug|x64.ActiveCfg = Debug|x64
		{E679E173-7C2A-4DDA-B8A3-976DD8DB1BB5}.Debug|x64.Build.0 = Debug|x64
		{E679E173-7C2A-4DDA-B8A3-976DD8DB1BB5}.Debug|x86.ActiveCfg = Debug|Win32
		{E679E173-7C2A-4DDA-B8A3-976DD8DB1BB5}.Debug|x86.Build.0 = Debug|Win32
		{E679E173-7C2A-4DDA-B8A3-976DD8DB1BB5}.Release|x64.ActiveCfg = Release|x64
		{E679E173-7C2A-4DDA-B8A3-976DD8DB1BB5}.Release|x64.Build.0 = Release|x64
		{E679E173-7C2A-4DDA-B8A3-976DD8DB1BB5}.Release|x86.ActiveCfg = Release|Win32
		{E679E173-7C2A-4DDA-B8A3-976DD8DB1BB5}.Release|x86.Build.0 = Release|Win32
		{BECDDAD7-5622-408D-B2C7-496CAB382692}.Debug|x64.ActiveCfg = Debug|x64
		{BECDDAD7-5622-408D-B2C7-496CAB382692}.Debug|x64.Build.0 = Debug|x64
		{BECDDAD7-5622-408D-B2C7-496CAB382692}.Debug|x86.ActiveCfg = Debug|Win32
		{BECDDAD7-5622-408D-B2C7-496CAB382692}.Debug|x86.Build.0 = Debug|Win32
		{BECDDAD7-5622-408D-B2C7-496CAB382692}.Release|x64.ActiveCfg = Release|x64
		{BECDDAD7-5622-408D-B2C7-496CAB382692}.Release|x64.Build.0 = Release|x64
		{BECDDAD7-5622-408D-B2C7-496CAB382692}.Release|x86.ActiveCfg = Release|Win32
		{BECDDAD7-5622-408D-B2C7-496CAB382692}.Release|x86.Build.0 = Release|Win32
	EndGlobalSection
	GlobalSection(SolutionProperties) = preSolution
		HideSolutionNode = FALSE
	EndGlobalSection
	GlobalSection(NestedProjects) = preSolution
		{9A91BAEA-4DE6-456B-AF75-522D8BEA588E} = {120589BD-5430-45C2-83D5-926A78438028}
		{8E6129FE-06AD-4CBA-8E1F-E5B75D82C02E} = {120589BD-5430-45C2-83D5-926A78438028}
		{4A768476-0736-4669-A8C1-3CC3FAC22CF9} = {9A91BAEA-4DE6-456B-AF75-522D8BEA588E}
		{CBB45CD5-CC4D-4DD8-8275-B225C286C6DE} = {8E6129FE-06AD-4CBA-8E1F-E5B75D82C02E}
		{5BC7AD26-BF67-4531-AF90-969D097F5B70} = {8E6129FE-06AD-4CBA-8E1F-E5B75D82C02E}
		{5BDB3ED4-9328-4F6F-9D44-DF84AD549A70} = {8E6129FE-06AD-4CBA-8E1F-E5B75D82C02E}
		{60DB97BF-385B-4B79-B6FB-768C28F126B8} = {8E6129FE-06AD-4CBA-8E1F-E5B75D82C02E}
		{BB16874C-70F8-4204-A97C-CDD1AA63A7A7} = {8E6129FE-06AD-4CBA-8E1F-E5B75D82C02E}
		{3D148842-725D-4F26-AEE8-8A3E797EDDF1} = {8E6129FE-06AD-4CBA-8E1F-E5B75D82C02E}
		{A0D43789-6D3D-4E0E-8991-A05FE95958BC} = {E4D43DCB-87E7-41F4-92B9-4F60F1A74B78}
		{655139FC-4E0E-4AA6-B847-3635B6E7E31F} = {E4D43DCB-87E7-41F4-92B9-4F60F1A74B78}
		{2709BF27-986E-45E3-A002-01C7C9433543} = {E4D43DCB-87E7-41F4-92B9-4F60F1A74B78}
		{2CE56D5B-A8A8-4D27-A7FE-95DC5323CD8E} = {E4D43DCB-87E7-41F4-92B9-4F60F1A74B78}
		{8D15AF68-7BD8-4622-ADC2-F6E8E110061F} = {E4D43DCB-87E7-41F4-92B9-4F60F1A74B78}
		{94C02AD0-2870-43AB-B834-24A8BB8BC1CA} = {E4D43DCB-87E7-41F4-92B9-4F60F1A74B78}
		{2E61BF04-9E44-4CA5-AD7B-CA36A0CD9A07} = {E4D43DCB-87E7-41F4-92B9-4F60F1A74B78}
		{8092818C-3D95-4578-97F0-EF5A19A7A465} = {E4D43DCB-87E7-41F4-92B9-4F60F1A74B78}
		{BFCF74FF-2A9B-4FD5-BD4F-7BD2480CF3F8} = {A0D43789-6D3D-4E0E-8991-A05FE95958BC}
		{AFF7FF0F-32D9-447C-BF85-EE8EA9A1057F} = {A0D43789-6D3D-4E0E-8991-A05FE95958BC}
		{44ACE7A2-AE53-4C87-A9E0-42D0CAEFCFFE} = {A0D43789-6D3D-4E0E-8991-A05FE95958BC}
		{ACEEDB26-10D4-4606-8BA1-99470C176A96} = {A0D43789-6D3D-4E0E-8991-A05FE95958BC}
		{BB001255-CA19-4B5E-AB5C-D410D3980B62} = {A0D43789-6D3D-4E0E-8991-A05FE95958BC}
		{82CCBAE9-5146-4FD9-8D1C-4B90D60CA033} = {A0D43789-6D3D-4E0E-8991-A05FE95958BC}
		{543E9316-6991-4CDC-8F7E-E0780408749E} = {655139FC-4E0E-4AA6-B847-3635B6E7E31F}
		{CF4726ED-78D4-45A4-80E6-7E25BDC48A26} = {655139FC-4E0E-4AA6-B847-3635B6E7E31F}
		{A2CEE38A-5BBF-4F2B-A529-5AB90245FCCC} = {655139FC-4E0E-4AA6-B847-3635B6E7E31F}
		{45F7474D-2CFD-45A3-8D43-58205BA088CF} = {655139FC-4E0E-4AA6-B847-3635B6E7E31F}
		{9D0C8E94-A25B-4153-9B81-21EC5C55F3D7} = {655139FC-4E0E-4AA6-B847-3635B6E7E31F}
		{1C3CC9C6-46A8-414A-8101-7593EE779964} = {2709BF27-986E-45E3-A002-01C7C9433543}
		{EB92B8C4-8519-4EC8-B1D9-9B69920857C6} = {2709BF27-986E-45E3-A002-01C7C9433543}
		{697F4B83-70CF-41DE-A32A-FE0FB5EA3F32} = {2709BF27-986E-45E3-A002-01C7C9433543}
		{F02E9E32-F6D5-4418-AB96-A16F41C49693} = {2709BF27-986E-45E3-A002-01C7C9433543}
		{1647F98F-FE5C-46E7-B565-53D4F0A66A7F} = {2709BF27-986E-45E3-A002-01C7C9433543}
		{F1E96CE7-6470-4A21-98B6-1AE2B395DA7C} = {2CE56D5B-A8A8-4D27-A7FE-95DC5323CD8E}
		{CE59C04B-9B07-498F-8534-234E817AFF74} = {2CE56D5B-A8A8-4D27-A7FE-95DC5323CD8E}
		{A2F9AC2C-FC6E-44BF-A513-21D663BDD74C} = {8D15AF68-7BD8-4622-ADC2-F6E8E110061F}
		{A2446F2E-AD56-4661-BDE4-01ECC4CA2713} = {8D15AF68-7BD8-4622-ADC2-F6E8E110061F}
		{427762F8-E68F-4B4C-A3E0-DFC27E9F2FBE} = {8D15AF68-7BD8-4622-ADC2-F6E8E110061F}
		{2DC2DC94-5748-48D7-8395-C3D13DA68D36} = {8D15AF68-7BD8-4622-ADC2-F6E8E110061F}
		{AB6DE188-FB92-4E2E-A366-0B4BAB1CCA87} = {8D15AF68-7BD8-4622-ADC2-F6E8E110061F}
		{3EE1B68B-8C02-47A8-86BA-2AF51A327A5B} = {8D15AF68-7BD8-4622-ADC2-F6E8E110061F}
		{8A714D07-49E8-47C0-8248-46E74F7723A1} = {8D15AF68-7BD8-4622-ADC2-F6E8E110061F}
		{EF87879B-D408-4289-BAE4-C4CEE181433D} = {94C02AD0-2870-43AB-B834-24A8BB8BC1CA}
		{754D3380-76FB-413B-B9CC-011AD1E953F2} = {94C02AD0-2870-43AB-B834-24A8BB8BC1CA}
		{A0393B96-B1DF-4FB3-B0FB-FB6FD3EA48FC} = {94C02AD0-2870-43AB-B834-24A8BB8BC1CA}
		{EE482A81-87C5-47D9-A164-2FD48EE2945D} = {2E61BF04-9E44-4CA5-AD7B-CA36A0CD9A07}
		{467D0520-C00F-4E47-999E-8FBDB5806367} = {2E61BF04-9E44-4CA5-AD7B-CA36A0CD9A07}
		{F3ED262E-2C98-486A-AC72-0151629BF4A9} = {2E61BF04-9E44-4CA5-AD7B-CA36A0CD9A07}
		{D7A95405-2E59-4E18-9161-4552FC8FF9A2} = {2E61BF04-9E44-4CA5-AD7B-CA36A0CD9A07}
		{5B982B6F-C627-4817-A973-7E6F1FDE795F} = {2E61BF04-9E44-4CA5-AD7B-CA36A0CD9A07}
		{29B7535B-37C9-42CE-B12C-3F2381CF81DC} = {2E61BF04-9E44-4CA5-AD7B-CA36A0CD9A07}
		{5E8B35BC-02F3-4783-8344-966103CCD613} = {2E61BF04-9E44-4CA5-AD7B-CA36A0CD9A07}
		{ECCE487C-217C-45CC-A4C7-E83A7D752B2B} = {2E61BF04-9E44-4CA5-AD7B-CA36A0CD9A07}
		{66095FE6-B028-4681-A854-DDAE5BB21E23} = {2E61BF04-9E44-4CA5-AD7B-CA36A0CD9A07}
		{CFBBA50F-01A8-49A5-A88D-FD6771B28167} = {2E61BF04-9E44-4CA5-AD7B-CA36A0CD9A07}
		{53843B61-7B9B-479A-A1C8-1D91AFE39089} = {8092818C-3D95-4578-97F0-EF5A19A7A465}
		{BC94A5B9-2F09-4759-8662-29CD7554860C} = {8E6129FE-06AD-4CBA-8E1F-E5B75D82C02E}
		{E679E173-7C2A-4DDA-B8A3-976DD8DB1BB5} = {655139FC-4E0E-4AA6-B847-3635B6E7E31F}
		{BECDDAD7-5622-408D-B2C7-496CAB382692} = {655139FC-4E0E-4AA6-B847-3635B6E7E31F}
	EndGlobalSection
	GlobalSection(ExtensibilityGlobals) = postSolution
		SolutionGuid = {C456FBF8-7504-4E76-8A6A-CB36F7A02440}
	EndGlobalSection
EndGlobal
